
Microsoft Visual Studio Solution File, Format Version 12.00
# Visual Studio Version 17
VisualStudioVersion = 17.11.35312.102
MinimumVisualStudioVersion = 10.0.40219.1
Project("{8BC9CEB8-8B4A-11D0-8D11-00A0C91BC942}") = "Lab06_Bai01_MangHaiChieu", "Lab06_Bai01_MangHaiChieu\Lab06_Bai01_MangHaiChieu.vcxproj", "{6A9EA526-1FB3-4F70-9923-E6D628618073}"
EndProject
Project("{8BC9CEB8-8B4A-11D0-8D11-00A0C91BC942}") = "Lab06_Bai02_DuyetMaTran", "Lab06_Bai02_DuyetMaTran\Lab06_Bai02_DuyetMaTran.vcxproj", "{61B3ACAC-2917-475A-ABAE-D2079C03A59D}"
EndProject
Project("{8BC9CEB8-8B4A-11D0-8D11-00A0C91BC942}") = "Lab06_Bai03_MaTranVuong", "Lab06_Bai03_MaTranVuong\Lab06_Bai03_MaTranVuong.vcxproj", "{9F22DBD3-4C71-4AA6-B56B-277C7DA97729}"
EndProject
Global
	GlobalSection(SolutionConfigurationPlatforms) = preSolution
		Debug|x64 = Debug|x64
		Debug|x86 = Debug|x86
		Release|x64 = Release|x64
		Release|x86 = Release|x86
	EndGlobalSection
	GlobalSection(ProjectConfigurationPlatforms) = postSolution
		{6A9EA526-1FB3-4F70-9923-E6D628618073}.Debug|x64.ActiveCfg = Debug|x64
		{6A9EA526-1FB3-4F70-9923-E6D628618073}.Debug|x64.Build.0 = Debug|x64
		{6A9EA526-1FB3-4F70-9923-E6D628618073}.Debug|x86.ActiveCfg = Debug|Win32
		{6A9EA526-1FB3-4F70-9923-E6D628618073}.Debug|x86.Build.0 = Debug|Win32
		{6A9EA526-1FB3-4F70-9923-E6D628618073}.Release|x64.ActiveCfg = Release|x64
		{6A9EA526-1FB3-4F70-9923-E6D628618073}.Release|x64.Build.0 = Release|x64
		{6A9EA526-1FB3-4F70-9923-E6D628618073}.Release|x86.ActiveCfg = Release|Win32
		{6A9EA526-1FB3-4F70-9923-E6D628618073}.Release|x86.Build.0 = Release|Win32
		{61B3ACAC-2917-475A-ABAE-D2079C03A59D}.Debug|x64.ActiveCfg = Debug|x64
		{61B3ACAC-2917-475A-ABAE-D2079C03A59D}.Debug|x64.Build.0 = Debug|x64
		{61B3ACAC-2917-475A-ABAE-D2079C03A59D}.Debug|x86.ActiveCfg = Debug|Win32
		{61B3ACAC-2917-475A-ABAE-D2079C03A59D}.Debug|x86.Build.0 = Debug|Win32
		{61B3ACAC-2917-475A-ABAE-D2079C03A59D}.Release|x64.ActiveCfg = Release|x64
		{61B3ACAC-2917-475A-ABAE-D2079C03A59D}.Release|x64.Build.0 = Release|x64
		{61B3ACAC-2917-475A-ABAE-D2079C03A59D}.Release|x86.ActiveCfg = Release|Win32
		{61B3ACAC-2917-475A-ABAE-D2079C03A59D}.Release|x86.Build.0 = Release|Win32
		{9F22DBD3-4C71-4AA6-B56B-277C7DA97729}.Debug|x64.ActiveCfg = Debug|x64
		{9F22DBD3-4C71-4AA6-B56B-277C7DA97729}.Debug|x64.Build.0 = Debug|x64
		{9F22DBD3-4C71-4AA6-B56B-277C7DA97729}.Debug|x86.ActiveCfg = Debug|Win32
		{9F22DBD3-4C71-4AA6-B56B-277C7DA97729}.Debug|x86.Build.0 = Debug|Win32
		{9F22DBD3-4C71-4AA6-B56B-277C7DA97729}.Release|x64.ActiveCfg = Release|x64
		{9F22DBD3-4C71-4AA6-B56B-277C7DA97729}.Release|x64.Build.0 = Release|x64
		{9F22DBD3-4C71-4AA6-B56B-277C7DA97729}.Release|x86.ActiveCfg = Release|Win32
		{9F22DBD3-4C71-4AA6-B56B-277C7DA97729}.Release|x86.Build.0 = Release|Win32
	EndGlobalSection
	GlobalSection(SolutionProperties) = preSolution
		HideSolutionNode = FALSE
	EndGlobalSection
	GlobalSection(ExtensibilityGlobals) = postSolution
		SolutionGuid = {3B97E9D1-A2D7-42CB-AF71-01188F18A715}
	EndGlobalSection
EndGlobal
